// !$*UTF8*$!
{
	archiveVersion = 1;
	classes = {
	};
	objectVersion = 56;
	objects = {

/* Begin PBXBuildFile section */
		CA7D364A2AEDB19E00278E41 /* GaleryView.swift in Sources */ = {isa = PBXBuildFile; fileRef = CA7D36492AEDB19E00278E41 /* GaleryView.swift */; };
		CA85B3A12AEC2E09005D742C /* AsteroidsView.swift in Sources */ = {isa = PBXBuildFile; fileRef = CA85B3A02AEC2E09005D742C /* AsteroidsView.swift */; };
		CAC4C2142AE9883800627EC9 /* AstroDataApp.swift in Sources */ = {isa = PBXBuildFile; fileRef = CAC4C2132AE9883800627EC9 /* AstroDataApp.swift */; };
		CAC4C2162AE9883800627EC9 /* ContentView.swift in Sources */ = {isa = PBXBuildFile; fileRef = CAC4C2152AE9883800627EC9 /* ContentView.swift */; };
		CAC4C2182AE9883900627EC9 /* Assets.xcassets in Resources */ = {isa = PBXBuildFile; fileRef = CAC4C2172AE9883900627EC9 /* Assets.xcassets */; };
		CAC4C21C2AE9883900627EC9 /* Preview Assets.xcassets in Resources */ = {isa = PBXBuildFile; fileRef = CAC4C21B2AE9883900627EC9 /* Preview Assets.xcassets */; };
		CAC4C2242AE9B17900627EC9 /* URLImage in Frameworks */ = {isa = PBXBuildFile; productRef = CAC4C2232AE9B17900627EC9 /* URLImage */; };
		CAC4C2262AE9B17900627EC9 /* URLImageStore in Frameworks */ = {isa = PBXBuildFile; productRef = CAC4C2252AE9B17900627EC9 /* URLImageStore */; };
		CAC4C2282AE9B8D200627EC9 /* EstructuraPregunta.swift in Sources */ = {isa = PBXBuildFile; fileRef = CAC4C2272AE9B8D200627EC9 /* EstructuraPregunta.swift */; };
		CAC4C22C2AE9B94500627EC9 /* QuizQuestionView.swift in Sources */ = {isa = PBXBuildFile; fileRef = CAC4C22B2AE9B94500627EC9 /* QuizQuestionView.swift */; };
/* End PBXBuildFile section */

/* Begin PBXFileReference section */
		CA7D36492AEDB19E00278E41 /* GaleryView.swift */ = {isa = PBXFileReference; lastKnownFileType = sourcecode.swift; path = GaleryView.swift; sourceTree = "<group>"; };
		CA85B3A02AEC2E09005D742C /* AsteroidsView.swift */ = {isa = PBXFileReference; lastKnownFileType = sourcecode.swift; path = AsteroidsView.swift; sourceTree = "<group>"; };
		CAC4C2102AE9883800627EC9 /* AstroData.app */ = {isa = PBXFileReference; explicitFileType = wrapper.application; includeInIndex = 0; path = AstroData.app; sourceTree = BUILT_PRODUCTS_DIR; };
		CAC4C2132AE9883800627EC9 /* AstroDataApp.swift */ = {isa = PBXFileReference; lastKnownFileType = sourcecode.swift; path = AstroDataApp.swift; sourceTree = "<group>"; };
		CAC4C2152AE9883800627EC9 /* ContentView.swift */ = {isa = PBXFileReference; lastKnownFileType = sourcecode.swift; path = ContentView.swift; sourceTree = "<group>"; };
		CAC4C2172AE9883900627EC9 /* Assets.xcassets */ = {isa = PBXFileReference; lastKnownFileType = folder.assetcatalog; path = Assets.xcassets; sourceTree = "<group>"; };
		CAC4C2192AE9883900627EC9 /* AstroData.entitlements */ = {isa = PBXFileReference; lastKnownFileType = text.plist.entitlements; path = AstroData.entitlements; sourceTree = "<group>"; };
		CAC4C21B2AE9883900627EC9 /* Preview Assets.xcassets */ = {isa = PBXFileReference; lastKnownFileType = folder.assetcatalog; path = "Preview Assets.xcassets"; sourceTree = "<group>"; };
		CAC4C2272AE9B8D200627EC9 /* EstructuraPregunta.swift */ = {isa = PBXFileReference; lastKnownFileType = sourcecode.swift; path = EstructuraPregunta.swift; sourceTree = "<group>"; };
		CAC4C22B2AE9B94500627EC9 /* QuizQuestionView.swift */ = {isa = PBXFileReference; lastKnownFileType = sourcecode.swift; path = QuizQuestionView.swift; sourceTree = "<group>"; };
/* End PBXFileReference section */

/* Begin PBXFrameworksBuildPhase section */
		CAC4C20D2AE9883800627EC9 /* Frameworks */ = {
			isa = PBXFrameworksBuildPhase;
			buildActionMask = 2147483647;
			files = (
				CAC4C2262AE9B17900627EC9 /* URLImageStore in Frameworks */,
				CAC4C2242AE9B17900627EC9 /* URLImage in Frameworks */,
			);
			runOnlyForDeploymentPostprocessing = 0;
		};
/* End PBXFrameworksBuildPhase section */

/* Begin PBXGroup section */
		CAC4C2072AE9883700627EC9 = {
			isa = PBXGroup;
			children = (
				CAC4C2122AE9883800627EC9 /* AstroData */,
				CAC4C2112AE9883800627EC9 /* Products */,
			);
			sourceTree = "<group>";
		};
		CAC4C2112AE9883800627EC9 /* Products */ = {
			isa = PBXGroup;
			children = (
				CAC4C2102AE9883800627EC9 /* AstroData.app */,
			);
			name = Products;
			sourceTree = "<group>";
		};
		CAC4C2122AE9883800627EC9 /* AstroData */ = {
			isa = PBXGroup;
			children = (
				CAC4C22A2AE9B91F00627EC9 /* Estructuras */,
				CA85B3A02AEC2E09005D742C /* AsteroidsView.swift */,
				CAC4C2132AE9883800627EC9 /* AstroDataApp.swift */,
				CAC4C22B2AE9B94500627EC9 /* QuizQuestionView.swift */,
				CAC4C2152AE9883800627EC9 /* ContentView.swift */,
				CA7D36492AEDB19E00278E41 /* GaleryView.swift */,
				CAC4C2172AE9883900627EC9 /* Assets.xcassets */,
				CAC4C2192AE9883900627EC9 /* AstroData.entitlements */,
				CAC4C21A2AE9883900627EC9 /* Preview Content */,
			);
			path = AstroData;
			sourceTree = "<group>";
		};
		CAC4C21A2AE9883900627EC9 /* Preview Content */ = {
			isa = PBXGroup;
			children = (
				CAC4C21B2AE9883900627EC9 /* Preview Assets.xcassets */,
			);
			path = "Preview Content";
			sourceTree = "<group>";
		};
		CAC4C22A2AE9B91F00627EC9 /* Estructuras */ = {
			isa = PBXGroup;
			children = (
				CAC4C2272AE9B8D200627EC9 /* EstructuraPregunta.swift */,
			);
			path = Estructuras;
			sourceTree = "<group>";
		};
/* End PBXGroup section */

/* Begin PBXNativeTarget section */
		CAC4C20F2AE9883800627EC9 /* AstroData */ = {
			isa = PBXNativeTarget;
			buildConfigurationList = CAC4C21F2AE9883900627EC9 /* Build configuration list for PBXNativeTarget "AstroData" */;
			buildPhases = (
				CAC4C20C2AE9883800627EC9 /* Sources */,
				CAC4C20D2AE9883800627EC9 /* Frameworks */,
				CAC4C20E2AE9883800627EC9 /* Resources */,
			);
			buildRules = (
			);
			dependencies = (
			);
			name = AstroData;
			packageProductDependencies = (
				CAC4C2232AE9B17900627EC9 /* URLImage */,
				CAC4C2252AE9B17900627EC9 /* URLImageStore */,
			);
			productName = AstroData;
			productReference = CAC4C2102AE9883800627EC9 /* AstroData.app */;
			productType = "com.apple.product-type.application";
		};
/* End PBXNativeTarget section */

/* Begin PBXProject section */
		CAC4C2082AE9883700627EC9 /* Project object */ = {
			isa = PBXProject;
			attributes = {
				BuildIndependentTargetsInParallel = 1;
				LastSwiftUpdateCheck = 1500;
				LastUpgradeCheck = 1500;
				TargetAttributes = {
					CAC4C20F2AE9883800627EC9 = {
						CreatedOnToolsVersion = 15.0;
					};
				};
			};
			buildConfigurationList = CAC4C20B2AE9883700627EC9 /* Build configuration list for PBXProject "AstroData" */;
			compatibilityVersion = "Xcode 14.0";
			developmentRegion = en;
			hasScannedForEncodings = 0;
			knownRegions = (
				en,
				Base,
			);
			mainGroup = CAC4C2072AE9883700627EC9;
			packageReferences = (
				CAC4C2222AE9B17900627EC9 /* XCRemoteSwiftPackageReference "url-image" */,
			);
			productRefGroup = CAC4C2112AE9883800627EC9 /* Products */;
			projectDirPath = "";
			projectRoot = "";
			targets = (
				CAC4C20F2AE9883800627EC9 /* AstroData */,
			);
		};
/* End PBXProject section */

/* Begin PBXResourcesBuildPhase section */
		CAC4C20E2AE9883800627EC9 /* Resources */ = {
			isa = PBXResourcesBuildPhase;
			buildActionMask = 2147483647;
			files = (
				CAC4C21C2AE9883900627EC9 /* Preview Assets.xcassets in Resources */,
				CAC4C2182AE9883900627EC9 /* Assets.xcassets in Resources */,
			);
			runOnlyForDeploymentPostprocessing = 0;
		};
/* End PBXResourcesBuildPhase section */

/* Begin PBXSourcesBuildPhase section */
		CAC4C20C2AE9883800627EC9 /* Sources */ = {
			isa = PBXSourcesBuildPhase;
			buildActionMask = 2147483647;
			files = (
				CAC4C2282AE9B8D200627EC9 /* EstructuraPregunta.swift in Sources */,
				CA85B3A12AEC2E09005D742C /* AsteroidsView.swift in Sources */,
				CA7D364A2AEDB19E00278E41 /* GaleryView.swift in Sources */,
				CAC4C22C2AE9B94500627EC9 /* QuizQuestionView.swift in Sources */,
				CAC4C2162AE9883800627EC9 /* ContentView.swift in Sources */,
				CAC4C2142AE9883800627EC9 /* AstroDataApp.swift in Sources */,
			);
			runOnlyForDeploymentPostprocessing = 0;
		};
/* End PBXSourcesBuildPhase section */

/* Begin XCBuildConfiguration section */
		CAC4C21D2AE9883900627EC9 /* Debug */ = {
			isa = XCBuildConfiguration;
			buildSettings = {
				ALWAYS_SEARCH_USER_PATHS = NO;
				ASSETCATALOG_COMPILER_GENERATE_SWIFT_ASSET_SYMBOL_EXTENSIONS = YES;
				CLANG_ANALYZER_NONNULL = YES;
				CLANG_ANALYZER_NUMBER_OBJECT_CONVERSION = YES_AGGRESSIVE;
				CLANG_CXX_LANGUAGE_STANDARD = "gnu++20";
				CLANG_ENABLE_MODULES = YES;
				CLANG_ENABLE_OBJC_ARC = YES;
				CLANG_ENABLE_OBJC_WEAK = YES;
				CLANG_WARN_BLOCK_CAPTURE_AUTORELEASING = YES;
				CLANG_WARN_BOOL_CONVERSION = YES;
				CLANG_WARN_COMMA = YES;
				CLANG_WARN_CONSTANT_CONVERSION = YES;
				CLANG_WARN_DEPRECATED_OBJC_IMPLEMENTATIONS = YES;
				CLANG_WARN_DIRECT_OBJC_ISA_USAGE = YES_ERROR;
				CLANG_WARN_DOCUMENTATION_COMMENTS = YES;
				CLANG_WARN_EMPTY_BODY = YES;
				CLANG_WARN_ENUM_CONVERSION = YES;
				CLANG_WARN_INFINITE_RECURSION = YES;
				CLANG_WARN_INT_CONVERSION = YES;
				CLANG_WARN_NON_LITERAL_NULL_CONVERSION = YES;
				CLANG_WARN_OBJC_IMPLICIT_RETAIN_SELF = YES;
				CLANG_WARN_OBJC_LITERAL_CONVERSION = YES;
				CLANG_WARN_OBJC_ROOT_CLASS = YES_ERROR;
				CLANG_WARN_QUOTED_INCLUDE_IN_FRAMEWORK_HEADER = YES;
				CLANG_WARN_RANGE_LOOP_ANALYSIS = YES;
				CLANG_WARN_STRICT_PROTOTYPES = YES;
				CLANG_WARN_SUSPICIOUS_MOVE = YES;
				CLANG_WARN_UNGUARDED_AVAILABILITY = YES_AGGRESSIVE;
				CLANG_WARN_UNREACHABLE_CODE = YES;
				CLANG_WARN__DUPLICATE_METHOD_MATCH = YES;
				COPY_PHASE_STRIP = NO;
				DEBUG_INFORMATION_FORMAT = dwarf;
				ENABLE_STRICT_OBJC_MSGSEND = YES;
				ENABLE_TESTABILITY = YES;
				ENABLE_USER_SCRIPT_SANDBOXING = YES;
				GCC_C_LANGUAGE_STANDARD = gnu17;
				GCC_DYNAMIC_NO_PIC = NO;
				GCC_NO_COMMON_BLOCKS = YES;
				GCC_OPTIMIZATION_LEVEL = 0;
				GCC_PREPROCESSOR_DEFINITIONS = (
					"DEBUG=1",
					"$(inherited)",
				);
				GCC_WARN_64_TO_32_BIT_CONVERSION = YES;
				GCC_WARN_ABOUT_RETURN_TYPE = YES_ERROR;
				GCC_WARN_UNDECLARED_SELECTOR = YES;
				GCC_WARN_UNINITIALIZED_AUTOS = YES_AGGRESSIVE;
				GCC_WARN_UNUSED_FUNCTION = YES;
				GCC_WARN_UNUSED_VARIABLE = YES;
				LOCALIZATION_PREFERS_STRING_CATALOGS = YES;
				MTL_ENABLE_DEBUG_INFO = INCLUDE_SOURCE;
				MTL_FAST_MATH = YES;
				ONLY_ACTIVE_ARCH = YES;
				SWIFT_ACTIVE_COMPILATION_CONDITIONS = "DEBUG $(inherited)";
				SWIFT_OPTIMIZATION_LEVEL = "-Onone";
			};
			name = Debug;
		};
		CAC4C21E2AE9883900627EC9 /* Release */ = {
			isa = XCBuildConfiguration;
			buildSettings = {
				ALWAYS_SEARCH_USER_PATHS = NO;
				ASSETCATALOG_COMPILER_GENERATE_SWIFT_ASSET_SYMBOL_EXTENSIONS = YES;
				CLANG_ANALYZER_NONNULL = YES;
				CLANG_ANALYZER_NUMBER_OBJECT_CONVERSION = YES_AGGRESSIVE;
				CLANG_CXX_LANGUAGE_STANDARD = "gnu++20";
				CLANG_ENABLE_MODULES = YES;
				CLANG_ENABLE_OBJC_ARC = YES;
				CLANG_ENABLE_OBJC_WEAK = YES;
				CLANG_WARN_BLOCK_CAPTURE_AUTORELEASING = YES;
				CLANG_WARN_BOOL_CONVERSION = YES;
				CLANG_WARN_COMMA = YES;
				CLANG_WARN_CONSTANT_CONVERSION = YES;
				CLANG_WARN_DEPRECATED_OBJC_IMPLEMENTATIONS = YES;
				CLANG_WARN_DIRECT_OBJC_ISA_USAGE = YES_ERROR;
				CLANG_WARN_DOCUMENTATION_COMMENTS = YES;
				CLANG_WARN_EMPTY_BODY = YES;
				CLANG_WARN_ENUM_CONVERSION = YES;
				CLANG_WARN_INFINITE_RECURSION = YES;
				CLANG_WARN_INT_CONVERSION = YES;
				CLANG_WARN_NON_LITERAL_NULL_CONVERSION = YES;
				CLANG_WARN_OBJC_IMPLICIT_RETAIN_SELF = YES;
				CLANG_WARN_OBJC_LITERAL_CONVERSION = YES;
				CLANG_WARN_OBJC_ROOT_CLASS = YES_ERROR;
				CLANG_WARN_QUOTED_INCLUDE_IN_FRAMEWORK_HEADER = YES;
				CLANG_WARN_RANGE_LOOP_ANALYSIS = YES;
				CLANG_WARN_STRICT_PROTOTYPES = YES;
				CLANG_WARN_SUSPICIOUS_MOVE = YES;
				CLANG_WARN_UNGUARDED_AVAILABILITY = YES_AGGRESSIVE;
				CLANG_WARN_UNREACHABLE_CODE = YES;
				CLANG_WARN__DUPLICATE_METHOD_MATCH = YES;
				COPY_PHASE_STRIP = NO;
				DEBUG_INFORMATION_FORMAT = "dwarf-with-dsym";
				ENABLE_NS_ASSERTIONS = NO;
				ENABLE_STRICT_OBJC_MSGSEND = YES;
				ENABLE_USER_SCRIPT_SANDBOXING = YES;
				GCC_C_LANGUAGE_STANDARD = gnu17;
				GCC_NO_COMMON_BLOCKS = YES;
				GCC_WARN_64_TO_32_BIT_CONVERSION = YES;
				GCC_WARN_ABOUT_RETURN_TYPE = YES_ERROR;
				GCC_WARN_UNDECLARED_SELECTOR = YES;
				GCC_WARN_UNINITIALIZED_AUTOS = YES_AGGRESSIVE;
				GCC_WARN_UNUSED_FUNCTION = YES;
				GCC_WARN_UNUSED_VARIABLE = YES;
				LOCALIZATION_PREFERS_STRING_CATALOGS = YES;
				MTL_ENABLE_DEBUG_INFO = NO;
				MTL_FAST_MATH = YES;
				SWIFT_COMPILATION_MODE = wholemodule;
			};
			name = Release;
		};
		CAC4C2202AE9883900627EC9 /* Debug */ = {
			isa = XCBuildConfiguration;
			buildSettings = {
				ASSETCATALOG_COMPILER_APPICON_NAME = AppIcon;
				ASSETCATALOG_COMPILER_GLOBAL_ACCENT_COLOR_NAME = AccentColor;
				CODE_SIGN_ENTITLEMENTS = AstroData/AstroData.entitlements;
				CODE_SIGN_STYLE = Automatic;
				CURRENT_PROJECT_VERSION = 1;
				DEVELOPMENT_ASSET_PATHS = "\"AstroData/Preview Content\"";
				ENABLE_PREVIEWS = YES;
				GENERATE_INFOPLIST_FILE = YES;
				"INFOPLIST_KEY_UIApplicationSceneManifest_Generation[sdk=iphoneos*]" = YES;
				"INFOPLIST_KEY_UIApplicationSceneManifest_Generation[sdk=iphonesimulator*]" = YES;
				"INFOPLIST_KEY_UIApplicationSupportsIndirectInputEvents[sdk=iphoneos*]" = YES;
				"INFOPLIST_KEY_UIApplicationSupportsIndirectInputEvents[sdk=iphonesimulator*]" = YES;
				"INFOPLIST_KEY_UILaunchScreen_Generation[sdk=iphoneos*]" = YES;
				"INFOPLIST_KEY_UILaunchScreen_Generation[sdk=iphonesimulator*]" = YES;
				"INFOPLIST_KEY_UIStatusBarStyle[sdk=iphoneos*]" = UIStatusBarStyleDefault;
				"INFOPLIST_KEY_UIStatusBarStyle[sdk=iphonesimulator*]" = UIStatusBarStyleDefault;
				INFOPLIST_KEY_UISupportedInterfaceOrientations_iPad = "UIInterfaceOrientationPortrait UIInterfaceOrientationPortraitUpsideDown UIInterfaceOrientationLandscapeLeft UIInterfaceOrientationLandscapeRight";
				INFOPLIST_KEY_UISupportedInterfaceOrientations_iPhone = "UIInterfaceOrientationPortrait UIInterfaceOrientationLandscapeLeft UIInterfaceOrientationLandscapeRight";
				IPHONEOS_DEPLOYMENT_TARGET = 17.0;
				LD_RUNPATH_SEARCH_PATHS = "@executable_path/Frameworks";
				"LD_RUNPATH_SEARCH_PATHS[sdk=macosx*]" = "@executable_path/../Frameworks";
				MACOSX_DEPLOYMENT_TARGET = 14.0;
				MARKETING_VERSION = 1.0;
				PRODUCT_BUNDLE_IDENTIFIER = edu.catolica.sv.AstroData;
				PRODUCT_NAME = "$(TARGET_NAME)";
				SDKROOT = auto;
				SUPPORTED_PLATFORMS = "iphoneos iphonesimulator macosx";
				SWIFT_EMIT_LOC_STRINGS = YES;
				SWIFT_VERSION = 5.0;
				TARGETED_DEVICE_FAMILY = "1,2";
			};
			name = Debug;
		};
		CAC4C2212AE9883900627EC9 /* Release */ = {
			isa = XCBuildConfiguration;
			buildSettings = {
				ASSETCATALOG_COMPILER_APPICON_NAME = AppIcon;
				ASSETCATALOG_COMPILER_GLOBAL_ACCENT_COLOR_NAME = AccentColor;
				CODE_SIGN_ENTITLEMENTS = AstroData/AstroData.entitlements;
				CODE_SIGN_STYLE = Automatic;
				CURRENT_PROJECT_VERSION = 1;
				DEVELOPMENT_ASSET_PATHS = "\"AstroData/Preview Content\"";
				ENABLE_PREVIEWS = YES;
				GENERATE_INFOPLIST_FILE = YES;
				"INFOPLIST_KEY_UIApplicationSceneManifest_Generation[sdk=iphoneos*]" = YES;
				"INFOPLIST_KEY_UIApplicationSceneManifest_Generation[sdk=iphonesimulator*]" = YES;
				"INFOPLIST_KEY_UIApplicationSupportsIndirectInputEvents[sdk=iphoneos*]" = YES;
				"INFOPLIST_KEY_UIApplicationSupportsIndirectInputEvents[sdk=iphonesimulator*]" = YES;
				"INFOPLIST_KEY_UILaunchScreen_Generation[sdk=iphoneos*]" = YES;
				"INFOPLIST_KEY_UILaunchScreen_Generation[sdk=iphonesimulator*]" = YES;
				"INFOPLIST_KEY_UIStatusBarStyle[sdk=iphoneos*]" = UIStatusBarStyleDefault;
				"INFOPLIST_KEY_UIStatusBarStyle[sdk=iphonesimulator*]" = UIStatusBarStyleDefault;
				INFOPLIST_KEY_UISupportedInterfaceOrientations_iPad = "UIInterfaceOrientationPortrait UIInterfaceOrientationPortraitUpsideDown UIInterfaceOrientationLandscapeLeft UIInterfaceOrientationLandscapeRight";
				INFOPLIST_KEY_UISupportedInterfaceOrientations_iPhone = "UIInterfaceOrientationPortrait UIInterfaceOrientationLandscapeLeft UIInterfaceOrientationLandscapeRight";
				IPHONEOS_DEPLOYMENT_TARGET = 17.0;
				LD_RUNPATH_SEARCH_PATHS = "@executable_path/Frameworks";
				"LD_RUNPATH_SEARCH_PATHS[sdk=macosx*]" = "@executable_path/../Frameworks";
				MACOSX_DEPLOYMENT_TARGET = 14.0;
				MARKETING_VERSION = 1.0;
				PRODUCT_BUNDLE_IDENTIFIER = edu.catolica.sv.AstroData;
				PRODUCT_NAME = "$(TARGET_NAME)";
				SDKROOT = auto;
				SUPPORTED_PLATFORMS = "iphoneos iphonesimulator macosx";
				SWIFT_EMIT_LOC_STRINGS = YES;
				SWIFT_VERSION = 5.0;
				TARGETED_DEVICE_FAMILY = "1,2";
			};
			name = Release;
		};
/* End XCBuildConfiguration section */

/* Begin XCConfigurationList section */
		CAC4C20B2AE9883700627EC9 /* Build configuration list for PBXProject "AstroData" */ = {
			isa = XCConfigurationList;
			buildConfigurations = (
				CAC4C21D2AE9883900627EC9 /* Debug */,
				CAC4C21E2AE9883900627EC9 /* Release */,
			);
			defaultConfigurationIsVisible = 0;
			defaultConfigurationName = Release;
		};
		CAC4C21F2AE9883900627EC9 /* Build configuration list for PBXNativeTarget "AstroData" */ = {
			isa = XCConfigurationList;
			buildConfigurations = (
				CAC4C2202AE9883900627EC9 /* Debug */,
				CAC4C2212AE9883900627EC9 /* Release */,
			);
			defaultConfigurationIsVisible = 0;
			defaultConfigurationName = Release;
		};
/* End XCConfigurationList section */

/* Begin XCRemoteSwiftPackageReference section */
		CAC4C2222AE9B17900627EC9 /* XCRemoteSwiftPackageReference "url-image" */ = {
			isa = XCRemoteSwiftPackageReference;
			repositoryURL = "https://github.com/dmytro-anokhin/url-image.git";
			requirement = {
				kind = upToNextMajorVersion;
				minimumVersion = 3.1.1;
			};
		};
/* End XCRemoteSwiftPackageReference section */

/* Begin XCSwiftPackageProductDependency section */
		CAC4C2232AE9B17900627EC9 /* URLImage */ = {
			isa = XCSwiftPackageProductDependency;
			package = CAC4C2222AE9B17900627EC9 /* XCRemoteSwiftPackageReference "url-image" */;
			productName = URLImage;
		};
		CAC4C2252AE9B17900627EC9 /* URLImageStore */ = {
			isa = XCSwiftPackageProductDependency;
			package = CAC4C2222AE9B17900627EC9 /* XCRemoteSwiftPackageReference "url-image" */;
			productName = URLImageStore;
		};
/* End XCSwiftPackageProductDependency section */
	};
	rootObject = CAC4C2082AE9883700627EC9 /* Project object */;
}
